// !$*UTF8*$!
{
	archiveVersion = 1;
	classes = {
	};
	objectVersion = 77;
	objects = {

/* Begin PBXBuildFile section */
		97F4121C142D17C0A8222937 /* Pods_A.framework in Frameworks */ = {isa = PBXBuildFile; fileRef = 9CE8886A0B10D02394CB8C55 /* Pods_A.framework */; };
		D3026BBB2DA7C4EF00962AE3 /* RegisterViewModel.swift in Sources */ = {isa = PBXBuildFile; fileRef = D3026BBA2DA7C4EF00962AE3 /* RegisterViewModel.swift */; };
		D3026BBD2DA7C5C500962AE3 /* TextFieldType.swift in Sources */ = {isa = PBXBuildFile; fileRef = D3026BBC2DA7C5C500962AE3 /* TextFieldType.swift */; };
		D3026BBF2DA7CCBA00962AE3 /* AuthRepositoryProtocol.swift in Sources */ = {isa = PBXBuildFile; fileRef = D3026BBE2DA7CCBA00962AE3 /* AuthRepositoryProtocol.swift */; };
		D3026BCE2DA7CF1100962AE3 /* CellIdentifier.swift in Sources */ = {isa = PBXBuildFile; fileRef = D3026BCA2DA7CF1100962AE3 /* CellIdentifier.swift */; };
		D3026BCF2DA7CF1100962AE3 /* FirebasePath.swift in Sources */ = {isa = PBXBuildFile; fileRef = D3026BCB2DA7CF1100962AE3 /* FirebasePath.swift */; };
		D3026BD42DA7D0B300962AE3 /* GoogleService-Info.plist in Resources */ = {isa = PBXBuildFile; fileRef = D3026BD32DA7D0B300962AE3 /* GoogleService-Info.plist */; };
		D3026BD82DA7D16A00962AE3 /* AuthServiceError.swift in Sources */ = {isa = PBXBuildFile; fileRef = D3026BD72DA7D16A00962AE3 /* AuthServiceError.swift */; };
		D3026BE22DA7E21900962AE3 /* SignUpUseCase.swift in Sources */ = {isa = PBXBuildFile; fileRef = D3026BE12DA7E21900962AE3 /* SignUpUseCase.swift */; };
		D3026BE42DA7EBCE00962AE3 /* AppDIContainer.swift in Sources */ = {isa = PBXBuildFile; fileRef = D3026BE32DA7EBCE00962AE3 /* AppDIContainer.swift */; };
		D3026BE62DA7F69B00962AE3 /* LoginViewModel.swift in Sources */ = {isa = PBXBuildFile; fileRef = D3026BE52DA7F69B00962AE3 /* LoginViewModel.swift */; };
		D3026BE82DA7F7DC00962AE3 /* LoginUseCase.swift in Sources */ = {isa = PBXBuildFile; fileRef = D3026BE72DA7F7DC00962AE3 /* LoginUseCase.swift */; };
		D3026BEE2DA7F90D00962AE3 /* AuthUseCaseProtocol.swift in Sources */ = {isa = PBXBuildFile; fileRef = D3026BED2DA7F90D00962AE3 /* AuthUseCaseProtocol.swift */; };
		D3026BF02DA7FC1600962AE3 /* MainTabController.swift in Sources */ = {isa = PBXBuildFile; fileRef = D3026BEF2DA7FC1600962AE3 /* MainTabController.swift */; };
		D3026BF42DA7FE2100962AE3 /* MainTabRouting.swift in Sources */ = {isa = PBXBuildFile; fileRef = D3026BF32DA7FE2100962AE3 /* MainTabRouting.swift */; };
		D3026BF82DA806DA00962AE3 /* FeedController.swift in Sources */ = {isa = PBXBuildFile; fileRef = D3026BF72DA806DA00962AE3 /* FeedController.swift */; };
		D3026BFA2DA806E100962AE3 /* ExplorerController.swift in Sources */ = {isa = PBXBuildFile; fileRef = D3026BF92DA806E100962AE3 /* ExplorerController.swift */; };
		D3026BFC2DA806E800962AE3 /* NotificationController.swift in Sources */ = {isa = PBXBuildFile; fileRef = D3026BFB2DA806E800962AE3 /* NotificationController.swift */; };
		D3026C002DA8093300962AE3 /* UserModelProtocol.swift in Sources */ = {isa = PBXBuildFile; fileRef = D3026BFF2DA8093300962AE3 /* UserModelProtocol.swift */; };
		D3026C022DA8094900962AE3 /* User.swift in Sources */ = {isa = PBXBuildFile; fileRef = D3026C012DA8094900962AE3 /* User.swift */; };
		D3026C042DA8099F00962AE3 /* MainTabViewModel.swift in Sources */ = {isa = PBXBuildFile; fileRef = D3026C032DA8099F00962AE3 /* MainTabViewModel.swift */; };
		D3026C082DA80A4000962AE3 /* UserRepositoryProtocol.swift in Sources */ = {isa = PBXBuildFile; fileRef = D3026C072DA80A4000962AE3 /* UserRepositoryProtocol.swift */; };
		D3026C0A2DA80A6200962AE3 /* UserServiceError.swift in Sources */ = {isa = PBXBuildFile; fileRef = D3026C092DA80A6200962AE3 /* UserServiceError.swift */; };
		D3026C0E2DA80D7C00962AE3 /* UserViewModel.swift in Sources */ = {isa = PBXBuildFile; fileRef = D3026C0D2DA80D7C00962AE3 /* UserViewModel.swift */; };
		D3026C102DA80D9900962AE3 /* UserViewModelProtocol.swift in Sources */ = {isa = PBXBuildFile; fileRef = D3026C0F2DA80D9900962AE3 /* UserViewModelProtocol.swift */; };
		D3026C142DA8201D00962AE3 /* LogoutUseCase.swift in Sources */ = {isa = PBXBuildFile; fileRef = D3026C132DA8201D00962AE3 /* LogoutUseCase.swift */; };
		D3026C162DA8205F00962AE3 /* FeedViewModel.swift in Sources */ = {isa = PBXBuildFile; fileRef = D3026C152DA8205F00962AE3 /* FeedViewModel.swift */; };
		D311B3392DA82B7600637377 /* Mock.swift in Sources */ = {isa = PBXBuildFile; fileRef = D311B3382DA82B7600637377 /* Mock.swift */; };
		D311B33D2DA82E3700637377 /* TweetCell.swift in Sources */ = {isa = PBXBuildFile; fileRef = D311B33C2DA82E3700637377 /* TweetCell.swift */; };
		D34762B92DA96D660030D71E /* MainTabRouter.swift in Sources */ = {isa = PBXBuildFile; fileRef = D34762B82DA96D650030D71E /* MainTabRouter.swift */; };
		D34762BB2DA971520030D71E /* UploadTweetRouter.swift in Sources */ = {isa = PBXBuildFile; fileRef = D34762BA2DA971520030D71E /* UploadTweetRouter.swift */; };
		D34762BD2DA971680030D71E /* UploadTweetRouterProtocol.swift in Sources */ = {isa = PBXBuildFile; fileRef = D34762BC2DA971680030D71E /* UploadTweetRouterProtocol.swift */; };
		D34762C12DA9769D0030D71E /* TweetServiceError.swift in Sources */ = {isa = PBXBuildFile; fileRef = D34762C02DA9769D0030D71E /* TweetServiceError.swift */; };
		D34762C32DA9770C0030D71E /* TweetModelProtocol.swift in Sources */ = {isa = PBXBuildFile; fileRef = D34762C22DA9770C0030D71E /* TweetModelProtocol.swift */; };
		D34762C52DA977330030D71E /* Tweet.swift in Sources */ = {isa = PBXBuildFile; fileRef = D34762C42DA977330030D71E /* Tweet.swift */; };
		D34762C72DA978E20030D71E /* UploadTweetUseCase.swift in Sources */ = {isa = PBXBuildFile; fileRef = D34762C62DA978E20030D71E /* UploadTweetUseCase.swift */; };
		D34762C92DA979170030D71E /* TweetUseCaseProtocol.swift in Sources */ = {isa = PBXBuildFile; fileRef = D34762C82DA979170030D71E /* TweetUseCaseProtocol.swift */; };
		D34762D12DA979900030D71E /* AuthService.swift in Sources */ = {isa = PBXBuildFile; fileRef = D34762CD2DA979900030D71E /* AuthService.swift */; };
		D34762D22DA979900030D71E /* TweetService.swift in Sources */ = {isa = PBXBuildFile; fileRef = D34762CE2DA979900030D71E /* TweetService.swift */; };
		D34762D32DA979900030D71E /* UserService.swift in Sources */ = {isa = PBXBuildFile; fileRef = D34762CF2DA979900030D71E /* UserService.swift */; };
		D34762D92DA9799C0030D71E /* AuthRepository.swift in Sources */ = {isa = PBXBuildFile; fileRef = D34762D52DA9799C0030D71E /* AuthRepository.swift */; };
		D34762DA2DA9799C0030D71E /* TweetRepository.swift in Sources */ = {isa = PBXBuildFile; fileRef = D34762D62DA9799C0030D71E /* TweetRepository.swift */; };
		D34762DB2DA9799C0030D71E /* UserRepository.swift in Sources */ = {isa = PBXBuildFile; fileRef = D34762D72DA9799C0030D71E /* UserRepository.swift */; };
		D34762DD2DA979B30030D71E /* TweetRepositoryProtocol.swift in Sources */ = {isa = PBXBuildFile; fileRef = D34762DC2DA979B30030D71E /* TweetRepositoryProtocol.swift */; };
		D34762DF2DA97AA20030D71E /* UploadTweetViewModel.swift in Sources */ = {isa = PBXBuildFile; fileRef = D34762DE2DA97AA20030D71E /* UploadTweetViewModel.swift */; };
		D34762E52DA989280030D71E /* UserFactory.swift in Sources */ = {isa = PBXBuildFile; fileRef = D34762E32DA989280030D71E /* UserFactory.swift */; };
		D34762E72DA992CC0030D71E /* TweetViewModel.swift in Sources */ = {isa = PBXBuildFile; fileRef = D34762E62DA992CC0030D71E /* TweetViewModel.swift */; };
		D34762E92DA992DA0030D71E /* TweetViewModelProtocol.swift in Sources */ = {isa = PBXBuildFile; fileRef = D34762E82DA992DA0030D71E /* TweetViewModelProtocol.swift */; };
		D367430C2DA91DC300C1A758 /* UploadTweetController.swift in Sources */ = {isa = PBXBuildFile; fileRef = D367430B2DA91DC300C1A758 /* UploadTweetController.swift */; };
		D367430E2DA91DFE00C1A758 /* InputTextView.swift in Sources */ = {isa = PBXBuildFile; fileRef = D367430D2DA91DFE00C1A758 /* InputTextView.swift */; };
		D36743102DA921D100C1A758 /* TweetDestination.swift in Sources */ = {isa = PBXBuildFile; fileRef = D367430F2DA921D100C1A758 /* TweetDestination.swift */; };
		D37B091B2DA78D9D00DA5F25 /* Assets.xcassets in Resources */ = {isa = PBXBuildFile; fileRef = D37B09122DA78D9D00DA5F25 /* Assets.xcassets */; };
		D37B091D2DA78D9D00DA5F25 /* LaunchScreen.storyboard in Resources */ = {isa = PBXBuildFile; fileRef = D37B09152DA78D9D00DA5F25 /* LaunchScreen.storyboard */; };
		D37B091F2DA78D9D00DA5F25 /* AppDelegate.swift in Sources */ = {isa = PBXBuildFile; fileRef = D37B09112DA78D9D00DA5F25 /* AppDelegate.swift */; };
		D37B09202DA78D9D00DA5F25 /* SceneDelegate.swift in Sources */ = {isa = PBXBuildFile; fileRef = D37B09182DA78D9D00DA5F25 /* SceneDelegate.swift */; };
		D37B09242DA7903200DA5F25 /* Kingfisher in Frameworks */ = {isa = PBXBuildFile; productRef = D37B09232DA7903200DA5F25 /* Kingfisher */; };
		D37B09272DA7903A00DA5F25 /* SnapKit in Frameworks */ = {isa = PBXBuildFile; productRef = D37B09262DA7903A00DA5F25 /* SnapKit */; };
		D37B092C2DA7904200DA5F25 /* Then in Frameworks */ = {isa = PBXBuildFile; productRef = D37B092B2DA7904200DA5F25 /* Then */; };
		D37B093A2DA790ED00DA5F25 /* LoginViewController.swift in Sources */ = {isa = PBXBuildFile; fileRef = D37B09392DA790ED00DA5F25 /* LoginViewController.swift */; };
		D37B093C2DA7916100DA5F25 /* UIView+Anchor.swift in Sources */ = {isa = PBXBuildFile; fileRef = D37B093B2DA7916100DA5F25 /* UIView+Anchor.swift */; };
		D37B093E2DA7921300DA5F25 /* UIImage+Icons.swift in Sources */ = {isa = PBXBuildFile; fileRef = D37B093D2DA7921300DA5F25 /* UIImage+Icons.swift */; };
		D37B09402DA7925900DA5F25 /* UIColor+AppColors.swift in Sources */ = {isa = PBXBuildFile; fileRef = D37B093F2DA7925900DA5F25 /* UIColor+AppColors.swift */; };
		D37B09442DA7935E00DA5F25 /* VCPreview.swift in Sources */ = {isa = PBXBuildFile; fileRef = D37B09432DA7935E00DA5F25 /* VCPreview.swift */; };
		D37B09542DA7987600DA5F25 /* CustomTextField.swift in Sources */ = {isa = PBXBuildFile; fileRef = D37B09532DA7987600DA5F25 /* CustomTextField.swift */; };
		D37B09562DA7993A00DA5F25 /* NSAttributedString+Style.swift in Sources */ = {isa = PBXBuildFile; fileRef = D37B09552DA7993A00DA5F25 /* NSAttributedString+Style.swift */; };
		D37B09582DA79CE400DA5F25 /* AttributedTextBuilder.swift in Sources */ = {isa = PBXBuildFile; fileRef = D37B09572DA79CE400DA5F25 /* AttributedTextBuilder.swift */; };
		D37B095A2DA79E7000DA5F25 /* Fonts.swift in Sources */ = {isa = PBXBuildFile; fileRef = D37B09592DA79E7000DA5F25 /* Fonts.swift */; };
		D37B095C2DA7A11000DA5F25 /* InputContainerView.swift in Sources */ = {isa = PBXBuildFile; fileRef = D37B095B2DA7A11000DA5F25 /* InputContainerView.swift */; };
		D37B095E2DA7A79A00DA5F25 /* CornerRadius.swift in Sources */ = {isa = PBXBuildFile; fileRef = D37B095D2DA7A79A00DA5F25 /* CornerRadius.swift */; };
		D37B09622DA7ACB700DA5F25 /* RegisterViewController.swift in Sources */ = {isa = PBXBuildFile; fileRef = D37B09612DA7ACB700DA5F25 /* RegisterViewController.swift */; };
		D37B09642DA7AF7800DA5F25 /* AuthDestination.swift in Sources */ = {isa = PBXBuildFile; fileRef = D37B09632DA7AF7800DA5F25 /* AuthDestination.swift */; };
		D37B096A2DA7B0A300DA5F25 /* AuthRouting.swift in Sources */ = {isa = PBXBuildFile; fileRef = D37B09692DA7B0A300DA5F25 /* AuthRouting.swift */; };
		D39A24362DA7BD5600BD216E /* Coordinator.swift in Sources */ = {isa = PBXBuildFile; fileRef = D39A24352DA7BD5600BD216E /* Coordinator.swift */; };
		D3BBF7DA2DA93273008D0C31 /* AuthRouterProtocol.swift in Sources */ = {isa = PBXBuildFile; fileRef = D3BBF7D92DA93273008D0C31 /* AuthRouterProtocol.swift */; };
		D3BBF7E02DA93647008D0C31 /* MainTabBarRouterProtocol.swift in Sources */ = {isa = PBXBuildFile; fileRef = D3BBF7DF2DA93647008D0C31 /* MainTabBarRouterProtocol.swift */; };
		D3BBF7E22DA95931008D0C31 /* AuthRouter.swift in Sources */ = {isa = PBXBuildFile; fileRef = D3BBF7E12DA95931008D0C31 /* AuthRouter.swift */; };
/* End PBXBuildFile section */

/* Begin PBXFileReference section */
		9CE8886A0B10D02394CB8C55 /* Pods_A.framework */ = {isa = PBXFileReference; explicitFileType = wrapper.framework; includeInIndex = 0; path = Pods_A.framework; sourceTree = BUILT_PRODUCTS_DIR; };
		A6869C3445B4A7C26544D2EA /* Pods-A.debug.xcconfig */ = {isa = PBXFileReference; includeInIndex = 1; lastKnownFileType = text.xcconfig; name = "Pods-A.debug.xcconfig"; path = "Target Support Files/Pods-A/Pods-A.debug.xcconfig"; sourceTree = "<group>"; };
		D3026BBA2DA7C4EF00962AE3 /* RegisterViewModel.swift */ = {isa = PBXFileReference; lastKnownFileType = sourcecode.swift; path = RegisterViewModel.swift; sourceTree = "<group>"; };
		D3026BBC2DA7C5C500962AE3 /* TextFieldType.swift */ = {isa = PBXFileReference; lastKnownFileType = sourcecode.swift; path = TextFieldType.swift; sourceTree = "<group>"; };
		D3026BBE2DA7CCBA00962AE3 /* AuthRepositoryProtocol.swift */ = {isa = PBXFileReference; lastKnownFileType = sourcecode.swift; path = AuthRepositoryProtocol.swift; sourceTree = "<group>"; };
		D3026BCA2DA7CF1100962AE3 /* CellIdentifier.swift */ = {isa = PBXFileReference; lastKnownFileType = sourcecode.swift; path = CellIdentifier.swift; sourceTree = "<group>"; };
		D3026BCB2DA7CF1100962AE3 /* FirebasePath.swift */ = {isa = PBXFileReference; lastKnownFileType = sourcecode.swift; path = FirebasePath.swift; sourceTree = "<group>"; };
		D3026BD32DA7D0B300962AE3 /* GoogleService-Info.plist */ = {isa = PBXFileReference; lastKnownFileType = text.plist.xml; path = "GoogleService-Info.plist"; sourceTree = "<group>"; };
		D3026BD72DA7D16A00962AE3 /* AuthServiceError.swift */ = {isa = PBXFileReference; lastKnownFileType = sourcecode.swift; path = AuthServiceError.swift; sourceTree = "<group>"; };
		D3026BE12DA7E21900962AE3 /* SignUpUseCase.swift */ = {isa = PBXFileReference; lastKnownFileType = sourcecode.swift; path = SignUpUseCase.swift; sourceTree = "<group>"; };
		D3026BE32DA7EBCE00962AE3 /* AppDIContainer.swift */ = {isa = PBXFileReference; lastKnownFileType = sourcecode.swift; path = AppDIContainer.swift; sourceTree = "<group>"; };
		D3026BE52DA7F69B00962AE3 /* LoginViewModel.swift */ = {isa = PBXFileReference; lastKnownFileType = sourcecode.swift; path = LoginViewModel.swift; sourceTree = "<group>"; };
		D3026BE72DA7F7DC00962AE3 /* LoginUseCase.swift */ = {isa = PBXFileReference; lastKnownFileType = sourcecode.swift; path = LoginUseCase.swift; sourceTree = "<group>"; };
		D3026BED2DA7F90D00962AE3 /* AuthUseCaseProtocol.swift */ = {isa = PBXFileReference; lastKnownFileType = sourcecode.swift; path = AuthUseCaseProtocol.swift; sourceTree = "<group>"; };
		D3026BEF2DA7FC1600962AE3 /* MainTabController.swift */ = {isa = PBXFileReference; lastKnownFileType = sourcecode.swift; path = MainTabController.swift; sourceTree = "<group>"; };
		D3026BF32DA7FE2100962AE3 /* MainTabRouting.swift */ = {isa = PBXFileReference; lastKnownFileType = sourcecode.swift; path = MainTabRouting.swift; sourceTree = "<group>"; };
		D3026BF72DA806DA00962AE3 /* FeedController.swift */ = {isa = PBXFileReference; lastKnownFileType = sourcecode.swift; path = FeedController.swift; sourceTree = "<group>"; };
		D3026BF92DA806E100962AE3 /* ExplorerController.swift */ = {isa = PBXFileReference; lastKnownFileType = sourcecode.swift; path = ExplorerController.swift; sourceTree = "<group>"; };
		D3026BFB2DA806E800962AE3 /* NotificationController.swift */ = {isa = PBXFileReference; lastKnownFileType = sourcecode.swift; path = NotificationController.swift; sourceTree = "<group>"; };
		D3026BFF2DA8093300962AE3 /* UserModelProtocol.swift */ = {isa = PBXFileReference; lastKnownFileType = sourcecode.swift; path = UserModelProtocol.swift; sourceTree = "<group>"; };
		D3026C012DA8094900962AE3 /* User.swift */ = {isa = PBXFileReference; lastKnownFileType = sourcecode.swift; path = User.swift; sourceTree = "<group>"; };
		D3026C032DA8099F00962AE3 /* MainTabViewModel.swift */ = {isa = PBXFileReference; lastKnownFileType = sourcecode.swift; path = MainTabViewModel.swift; sourceTree = "<group>"; };
		D3026C072DA80A4000962AE3 /* UserRepositoryProtocol.swift */ = {isa = PBXFileReference; lastKnownFileType = sourcecode.swift; path = UserRepositoryProtocol.swift; sourceTree = "<group>"; };
		D3026C092DA80A6200962AE3 /* UserServiceError.swift */ = {isa = PBXFileReference; lastKnownFileType = sourcecode.swift; path = UserServiceError.swift; sourceTree = "<group>"; };
		D3026C0D2DA80D7C00962AE3 /* UserViewModel.swift */ = {isa = PBXFileReference; lastKnownFileType = sourcecode.swift; path = UserViewModel.swift; sourceTree = "<group>"; };
		D3026C0F2DA80D9900962AE3 /* UserViewModelProtocol.swift */ = {isa = PBXFileReference; lastKnownFileType = sourcecode.swift; path = UserViewModelProtocol.swift; sourceTree = "<group>"; };
		D3026C132DA8201D00962AE3 /* LogoutUseCase.swift */ = {isa = PBXFileReference; lastKnownFileType = sourcecode.swift; path = LogoutUseCase.swift; sourceTree = "<group>"; };
		D3026C152DA8205F00962AE3 /* FeedViewModel.swift */ = {isa = PBXFileReference; lastKnownFileType = sourcecode.swift; path = FeedViewModel.swift; sourceTree = "<group>"; };
		D311B3382DA82B7600637377 /* Mock.swift */ = {isa = PBXFileReference; lastKnownFileType = sourcecode.swift; path = Mock.swift; sourceTree = "<group>"; };
		D311B33C2DA82E3700637377 /* TweetCell.swift */ = {isa = PBXFileReference; lastKnownFileType = sourcecode.swift; path = TweetCell.swift; sourceTree = "<group>"; };
		D34762B82DA96D650030D71E /* MainTabRouter.swift */ = {isa = PBXFileReference; lastKnownFileType = sourcecode.swift; path = MainTabRouter.swift; sourceTree = "<group>"; };
		D34762BA2DA971520030D71E /* UploadTweetRouter.swift */ = {isa = PBXFileReference; lastKnownFileType = sourcecode.swift; path = UploadTweetRouter.swift; sourceTree = "<group>"; };
		D34762BC2DA971680030D71E /* UploadTweetRouterProtocol.swift */ = {isa = PBXFileReference; lastKnownFileType = sourcecode.swift; path = UploadTweetRouterProtocol.swift; sourceTree = "<group>"; };
		D34762C02DA9769D0030D71E /* TweetServiceError.swift */ = {isa = PBXFileReference; lastKnownFileType = sourcecode.swift; path = TweetServiceError.swift; sourceTree = "<group>"; };
		D34762C22DA9770C0030D71E /* TweetModelProtocol.swift */ = {isa = PBXFileReference; lastKnownFileType = sourcecode.swift; path = TweetModelProtocol.swift; sourceTree = "<group>"; };
		D34762C42DA977330030D71E /* Tweet.swift */ = {isa = PBXFileReference; lastKnownFileType = sourcecode.swift; path = Tweet.swift; sourceTree = "<group>"; };
		D34762C62DA978E20030D71E /* UploadTweetUseCase.swift */ = {isa = PBXFileReference; lastKnownFileType = sourcecode.swift; path = UploadTweetUseCase.swift; sourceTree = "<group>"; };
		D34762C82DA979170030D71E /* TweetUseCaseProtocol.swift */ = {isa = PBXFileReference; lastKnownFileType = sourcecode.swift; path = TweetUseCaseProtocol.swift; sourceTree = "<group>"; };
		D34762CD2DA979900030D71E /* AuthService.swift */ = {isa = PBXFileReference; lastKnownFileType = sourcecode.swift; path = AuthService.swift; sourceTree = "<group>"; };
		D34762CE2DA979900030D71E /* TweetService.swift */ = {isa = PBXFileReference; lastKnownFileType = sourcecode.swift; path = TweetService.swift; sourceTree = "<group>"; };
		D34762CF2DA979900030D71E /* UserService.swift */ = {isa = PBXFileReference; lastKnownFileType = sourcecode.swift; path = UserService.swift; sourceTree = "<group>"; };
		D34762D52DA9799C0030D71E /* AuthRepository.swift */ = {isa = PBXFileReference; lastKnownFileType = sourcecode.swift; path = AuthRepository.swift; sourceTree = "<group>"; };
		D34762D62DA9799C0030D71E /* TweetRepository.swift */ = {isa = PBXFileReference; lastKnownFileType = sourcecode.swift; path = TweetRepository.swift; sourceTree = "<group>"; };
		D34762D72DA9799C0030D71E /* UserRepository.swift */ = {isa = PBXFileReference; lastKnownFileType = sourcecode.swift; path = UserRepository.swift; sourceTree = "<group>"; };
		D34762DC2DA979B30030D71E /* TweetRepositoryProtocol.swift */ = {isa = PBXFileReference; lastKnownFileType = sourcecode.swift; path = TweetRepositoryProtocol.swift; sourceTree = "<group>"; };
		D34762DE2DA97AA20030D71E /* UploadTweetViewModel.swift */ = {isa = PBXFileReference; lastKnownFileType = sourcecode.swift; path = UploadTweetViewModel.swift; sourceTree = "<group>"; };
		D34762E32DA989280030D71E /* UserFactory.swift */ = {isa = PBXFileReference; lastKnownFileType = sourcecode.swift; path = UserFactory.swift; sourceTree = "<group>"; };
		D34762E62DA992CC0030D71E /* TweetViewModel.swift */ = {isa = PBXFileReference; lastKnownFileType = sourcecode.swift; path = TweetViewModel.swift; sourceTree = "<group>"; };
		D34762E82DA992DA0030D71E /* TweetViewModelProtocol.swift */ = {isa = PBXFileReference; lastKnownFileType = sourcecode.swift; path = TweetViewModelProtocol.swift; sourceTree = "<group>"; };
		D367430B2DA91DC300C1A758 /* UploadTweetController.swift */ = {isa = PBXFileReference; lastKnownFileType = sourcecode.swift; path = UploadTweetController.swift; sourceTree = "<group>"; };
		D367430D2DA91DFE00C1A758 /* InputTextView.swift */ = {isa = PBXFileReference; lastKnownFileType = sourcecode.swift; path = InputTextView.swift; sourceTree = "<group>"; };
		D367430F2DA921D100C1A758 /* TweetDestination.swift */ = {isa = PBXFileReference; lastKnownFileType = sourcecode.swift; path = TweetDestination.swift; sourceTree = "<group>"; };
		D37B08F92DA78D8900DA5F25 /* A.app */ = {isa = PBXFileReference; explicitFileType = wrapper.application; includeInIndex = 0; path = A.app; sourceTree = BUILT_PRODUCTS_DIR; };
		D37B09112DA78D9D00DA5F25 /* AppDelegate.swift */ = {isa = PBXFileReference; lastKnownFileType = sourcecode.swift; path = AppDelegate.swift; sourceTree = "<group>"; };
		D37B09122DA78D9D00DA5F25 /* Assets.xcassets */ = {isa = PBXFileReference; lastKnownFileType = folder.assetcatalog; path = Assets.xcassets; sourceTree = "<group>"; };
		D37B09132DA78D9D00DA5F25 /* Info.plist */ = {isa = PBXFileReference; lastKnownFileType = text.plist.xml; path = Info.plist; sourceTree = "<group>"; };
		D37B09142DA78D9D00DA5F25 /* Base */ = {isa = PBXFileReference; lastKnownFileType = file.storyboard; name = Base; path = Base.lproj/LaunchScreen.storyboard; sourceTree = "<group>"; };
		D37B09182DA78D9D00DA5F25 /* SceneDelegate.swift */ = {isa = PBXFileReference; lastKnownFileType = sourcecode.swift; path = SceneDelegate.swift; sourceTree = "<group>"; };
		D37B09392DA790ED00DA5F25 /* LoginViewController.swift */ = {isa = PBXFileReference; lastKnownFileType = sourcecode.swift; path = LoginViewController.swift; sourceTree = "<group>"; };
		D37B093B2DA7916100DA5F25 /* UIView+Anchor.swift */ = {isa = PBXFileReference; lastKnownFileType = sourcecode.swift; path = "UIView+Anchor.swift"; sourceTree = "<group>"; };
		D37B093D2DA7921300DA5F25 /* UIImage+Icons.swift */ = {isa = PBXFileReference; lastKnownFileType = sourcecode.swift; path = "UIImage+Icons.swift"; sourceTree = "<group>"; };
		D37B093F2DA7925900DA5F25 /* UIColor+AppColors.swift */ = {isa = PBXFileReference; lastKnownFileType = sourcecode.swift; path = "UIColor+AppColors.swift"; sourceTree = "<group>"; };
		D37B09432DA7935E00DA5F25 /* VCPreview.swift */ = {isa = PBXFileReference; lastKnownFileType = sourcecode.swift; path = VCPreview.swift; sourceTree = "<group>"; };
		D37B09532DA7987600DA5F25 /* CustomTextField.swift */ = {isa = PBXFileReference; lastKnownFileType = sourcecode.swift; path = CustomTextField.swift; sourceTree = "<group>"; };
		D37B09552DA7993A00DA5F25 /* NSAttributedString+Style.swift */ = {isa = PBXFileReference; lastKnownFileType = sourcecode.swift; path = "NSAttributedString+Style.swift"; sourceTree = "<group>"; };
		D37B09572DA79CE400DA5F25 /* AttributedTextBuilder.swift */ = {isa = PBXFileReference; lastKnownFileType = sourcecode.swift; path = AttributedTextBuilder.swift; sourceTree = "<group>"; };
		D37B09592DA79E7000DA5F25 /* Fonts.swift */ = {isa = PBXFileReference; lastKnownFileType = sourcecode.swift; path = Fonts.swift; sourceTree = "<group>"; };
		D37B095B2DA7A11000DA5F25 /* InputContainerView.swift */ = {isa = PBXFileReference; lastKnownFileType = sourcecode.swift; path = InputContainerView.swift; sourceTree = "<group>"; };
		D37B095D2DA7A79A00DA5F25 /* CornerRadius.swift */ = {isa = PBXFileReference; lastKnownFileType = sourcecode.swift; path = CornerRadius.swift; sourceTree = "<group>"; };
		D37B09612DA7ACB700DA5F25 /* RegisterViewController.swift */ = {isa = PBXFileReference; lastKnownFileType = sourcecode.swift; path = RegisterViewController.swift; sourceTree = "<group>"; };
		D37B09632DA7AF7800DA5F25 /* AuthDestination.swift */ = {isa = PBXFileReference; lastKnownFileType = sourcecode.swift; path = AuthDestination.swift; sourceTree = "<group>"; };
		D37B09692DA7B0A300DA5F25 /* AuthRouting.swift */ = {isa = PBXFileReference; lastKnownFileType = sourcecode.swift; path = AuthRouting.swift; sourceTree = "<group>"; };
		D39A24352DA7BD5600BD216E /* Coordinator.swift */ = {isa = PBXFileReference; lastKnownFileType = sourcecode.swift; path = Coordinator.swift; sourceTree = "<group>"; };
		D3BBF7D92DA93273008D0C31 /* AuthRouterProtocol.swift */ = {isa = PBXFileReference; lastKnownFileType = sourcecode.swift; path = AuthRouterProtocol.swift; sourceTree = "<group>"; };
		D3BBF7DF2DA93647008D0C31 /* MainTabBarRouterProtocol.swift */ = {isa = PBXFileReference; lastKnownFileType = sourcecode.swift; path = MainTabBarRouterProtocol.swift; sourceTree = "<group>"; };
		D3BBF7E12DA95931008D0C31 /* AuthRouter.swift */ = {isa = PBXFileReference; lastKnownFileType = sourcecode.swift; path = AuthRouter.swift; sourceTree = "<group>"; };
		F6B04F4180DFDE5C40AEA9E6 /* Pods-A.release.xcconfig */ = {isa = PBXFileReference; includeInIndex = 1; lastKnownFileType = text.xcconfig; name = "Pods-A.release.xcconfig"; path = "Target Support Files/Pods-A/Pods-A.release.xcconfig"; sourceTree = "<group>"; };
/* End PBXFileReference section */

/* Begin PBXFrameworksBuildPhase section */
		D37B08F62DA78D8900DA5F25 /* Frameworks */ = {
			isa = PBXFrameworksBuildPhase;
			buildActionMask = 2147483647;
			files = (
				D37B092C2DA7904200DA5F25 /* Then in Frameworks */,
				D37B09272DA7903A00DA5F25 /* SnapKit in Frameworks */,
				D37B09242DA7903200DA5F25 /* Kingfisher in Frameworks */,
				97F4121C142D17C0A8222937 /* Pods_A.framework in Frameworks */,
			);
			runOnlyForDeploymentPostprocessing = 0;
		};
/* End PBXFrameworksBuildPhase section */

/* Begin PBXGroup section */
		0D4068D8D44F1ECDBF00E370 /* Pods */ = {
			isa = PBXGroup;
			children = (
				A6869C3445B4A7C26544D2EA /* Pods-A.debug.xcconfig */,
				F6B04F4180DFDE5C40AEA9E6 /* Pods-A.release.xcconfig */,
			);
			path = Pods;
			sourceTree = "<group>";
		};
		AAD96728B712EA6A03CE3B02 /* Frameworks */ = {
			isa = PBXGroup;
			children = (
				9CE8886A0B10D02394CB8C55 /* Pods_A.framework */,
			);
			name = Frameworks;
			sourceTree = "<group>";
		};
		D3026BCC2DA7CF1100962AE3 /* Constants */ = {
			isa = PBXGroup;
			children = (
				D3026BCA2DA7CF1100962AE3 /* CellIdentifier.swift */,
				D3026BCB2DA7CF1100962AE3 /* FirebasePath.swift */,
			);
			path = Constants;
			sourceTree = "<group>";
		};
		D3026BCD2DA7CF1100962AE3 /* Core */ = {
			isa = PBXGroup;
			children = (
				D3026BCC2DA7CF1100962AE3 /* Constants */,
				D37B09382DA790D600DA5F25 /* Extensions */,
			);
			path = Core;
			sourceTree = "<group>";
		};
		D3026BD22DA7CFDB00962AE3 /* API */ = {
			isa = PBXGroup;
			children = (
				D34762D82DA9799C0030D71E /* Repository */,
				D34762D02DA979900030D71E /* Service */,
				D3026BE02DA7E21100962AE3 /* UseCase */,
			);
			path = API;
			sourceTree = "<group>";
		};
		D3026BDA2DA7D1D000962AE3 /* Error */ = {
			isa = PBXGroup;
			children = (
				D3026BD72DA7D16A00962AE3 /* AuthServiceError.swift */,
				D3026C092DA80A6200962AE3 /* UserServiceError.swift */,
				D34762C02DA9769D0030D71E /* TweetServiceError.swift */,
			);
			path = Error;
			sourceTree = "<group>";
		};
		D3026BE02DA7E21100962AE3 /* UseCase */ = {
			isa = PBXGroup;
			children = (
				D3026BE12DA7E21900962AE3 /* SignUpUseCase.swift */,
				D3026BE72DA7F7DC00962AE3 /* LoginUseCase.swift */,
				D3026C132DA8201D00962AE3 /* LogoutUseCase.swift */,
				D34762C62DA978E20030D71E /* UploadTweetUseCase.swift */,
			);
			path = UseCase;
			sourceTree = "<group>";
		};
		D3026BF22DA7FE1200962AE3 /* Routing */ = {
			isa = PBXGroup;
			children = (
				D37B09692DA7B0A300DA5F25 /* AuthRouting.swift */,
				D3026BF32DA7FE2100962AE3 /* MainTabRouting.swift */,
			);
			path = Routing;
			sourceTree = "<group>";
		};
		D3026BFE2DA8092D00962AE3 /* ModelProtocol */ = {
			isa = PBXGroup;
			children = (
				D3026BFF2DA8093300962AE3 /* UserModelProtocol.swift */,
				D3026C0F2DA80D9900962AE3 /* UserViewModelProtocol.swift */,
				D34762C22DA9770C0030D71E /* TweetModelProtocol.swift */,
				D34762E82DA992DA0030D71E /* TweetViewModelProtocol.swift */,
			);
			path = ModelProtocol;
			sourceTree = "<group>";
		};
		D3026C062DA80A3000962AE3 /* RepositoryProtocol */ = {
			isa = PBXGroup;
			children = (
				D3026BBE2DA7CCBA00962AE3 /* AuthRepositoryProtocol.swift */,
				D3026C072DA80A4000962AE3 /* UserRepositoryProtocol.swift */,
				D34762DC2DA979B30030D71E /* TweetRepositoryProtocol.swift */,
			);
			path = RepositoryProtocol;
			sourceTree = "<group>";
		};
		D311B33B2DA82E2E00637377 /* Feed */ = {
			isa = PBXGroup;
			children = (
				D311B33C2DA82E3700637377 /* TweetCell.swift */,
			);
			path = Feed;
			sourceTree = "<group>";
		};
		D34762D02DA979900030D71E /* Service */ = {
			isa = PBXGroup;
			children = (
				D34762CD2DA979900030D71E /* AuthService.swift */,
				D34762CE2DA979900030D71E /* TweetService.swift */,
				D34762CF2DA979900030D71E /* UserService.swift */,
			);
			path = Service;
			sourceTree = "<group>";
		};
		D34762D82DA9799C0030D71E /* Repository */ = {
			isa = PBXGroup;
			children = (
				D34762D52DA9799C0030D71E /* AuthRepository.swift */,
				D34762D72DA9799C0030D71E /* UserRepository.swift */,
				D34762D62DA9799C0030D71E /* TweetRepository.swift */,
			);
			path = Repository;
			sourceTree = "<group>";
		};
		D34762E42DA989280030D71E /* Factories */ = {
			isa = PBXGroup;
			children = (
				D34762E32DA989280030D71E /* UserFactory.swift */,
			);
			path = Factories;
			sourceTree = "<group>";
		};
		D37B08F02DA78D8900DA5F25 = {
			isa = PBXGroup;
			children = (
				D37B091A2DA78D9D00DA5F25 /* A */,
				D37B08FA2DA78D8900DA5F25 /* Products */,
				0D4068D8D44F1ECDBF00E370 /* Pods */,
				AAD96728B712EA6A03CE3B02 /* Frameworks */,
			);
			sourceTree = "<group>";
		};
		D37B08FA2DA78D8900DA5F25 /* Products */ = {
			isa = PBXGroup;
			children = (
				D37B08F92DA78D8900DA5F25 /* A.app */,
			);
			name = Products;
			sourceTree = "<group>";
		};
		D37B091A2DA78D9D00DA5F25 /* A */ = {
			isa = PBXGroup;
			children = (
				D34762E42DA989280030D71E /* Factories */,
				D37B09112DA78D9D00DA5F25 /* AppDelegate.swift */,
				D37B09182DA78D9D00DA5F25 /* SceneDelegate.swift */,
				D3026BE32DA7EBCE00962AE3 /* AppDIContainer.swift */,
				D37B09662DA7AFA200DA5F25 /* Router */,
				D3026BD22DA7CFDB00962AE3 /* API */,
				D3026BCD2DA7CF1100962AE3 /* Core */,
				D37B094A2DA7945F00DA5F25 /* Protocols */,
				D37B094C2DA794A200DA5F25 /* Enums */,
				D37B09342DA7909100DA5F25 /* Models */,
				D37B09322DA7908700DA5F25 /* ViewModels */,
				D37B09302DA7907C00DA5F25 /* Views */,
				D37B09362DA7909B00DA5F25 /* Controllers */,
				D37B094E2DA7953C00DA5F25 /* Resources */,
				D37B09422DA7931F00DA5F25 /* Previews */,
				D37B09132DA78D9D00DA5F25 /* Info.plist */,
				D3026BD32DA7D0B300962AE3 /* GoogleService-Info.plist */,
				D311B3382DA82B7600637377 /* Mock.swift */,
			);
			path = A;
			sourceTree = "<group>";
		};
		D37B09302DA7907C00DA5F25 /* Views */ = {
			isa = PBXGroup;
			children = (
				D311B33B2DA82E2E00637377 /* Feed */,
				D37B09522DA7986400DA5F25 /* Custom */,
			);
			path = Views;
			sourceTree = "<group>";
		};
		D37B09322DA7908700DA5F25 /* ViewModels */ = {
			isa = PBXGroup;
			children = (
				D3026BBA2DA7C4EF00962AE3 /* RegisterViewModel.swift */,
				D3026BE52DA7F69B00962AE3 /* LoginViewModel.swift */,
				D3026C032DA8099F00962AE3 /* MainTabViewModel.swift */,
				D3026C0D2DA80D7C00962AE3 /* UserViewModel.swift */,
				D3026C152DA8205F00962AE3 /* FeedViewModel.swift */,
				D34762DE2DA97AA20030D71E /* UploadTweetViewModel.swift */,
				D34762E62DA992CC0030D71E /* TweetViewModel.swift */,
			);
			path = ViewModels;
			sourceTree = "<group>";
		};
		D37B09342DA7909100DA5F25 /* Models */ = {
			isa = PBXGroup;
			children = (
				D3026C012DA8094900962AE3 /* User.swift */,
				D34762C42DA977330030D71E /* Tweet.swift */,
			);
			path = Models;
			sourceTree = "<group>";
		};
		D37B09362DA7909B00DA5F25 /* Controllers */ = {
			isa = PBXGroup;
			children = (
				D37B09502DA796C300DA5F25 /* Authentication */,
				D3026BEF2DA7FC1600962AE3 /* MainTabController.swift */,
				D3026BF72DA806DA00962AE3 /* FeedController.swift */,
				D3026BF92DA806E100962AE3 /* ExplorerController.swift */,
				D3026BFB2DA806E800962AE3 /* NotificationController.swift */,
				D367430B2DA91DC300C1A758 /* UploadTweetController.swift */,
			);
			path = Controllers;
			sourceTree = "<group>";
		};
		D37B09382DA790D600DA5F25 /* Extensions */ = {
			isa = PBXGroup;
			children = (
				D37B093B2DA7916100DA5F25 /* UIView+Anchor.swift */,
				D37B093D2DA7921300DA5F25 /* UIImage+Icons.swift */,
				D37B093F2DA7925900DA5F25 /* UIColor+AppColors.swift */,
				D37B09552DA7993A00DA5F25 /* NSAttributedString+Style.swift */,
			);
			path = Extensions;
			sourceTree = "<group>";
		};
		D37B09422DA7931F00DA5F25 /* Previews */ = {
			isa = PBXGroup;
			children = (
				D37B09432DA7935E00DA5F25 /* VCPreview.swift */,
			);
			path = Previews;
			sourceTree = "<group>";
		};
		D37B094A2DA7945F00DA5F25 /* Protocols */ = {
			isa = PBXGroup;
			children = (
				D3BBF7D82DA9326C008D0C31 /* RouterProtocool */,
				D3026C062DA80A3000962AE3 /* RepositoryProtocol */,
				D3026BFE2DA8092D00962AE3 /* ModelProtocol */,
				D3026BF22DA7FE1200962AE3 /* Routing */,
				D39A24352DA7BD5600BD216E /* Coordinator.swift */,
				D3026BED2DA7F90D00962AE3 /* AuthUseCaseProtocol.swift */,
				D34762C82DA979170030D71E /* TweetUseCaseProtocol.swift */,
			);
			path = Protocols;
			sourceTree = "<group>";
		};
		D37B094C2DA794A200DA5F25 /* Enums */ = {
			isa = PBXGroup;
			children = (
				D3026BDA2DA7D1D000962AE3 /* Error */,
				D37B09572DA79CE400DA5F25 /* AttributedTextBuilder.swift */,
				D37B09592DA79E7000DA5F25 /* Fonts.swift */,
				D37B095D2DA7A79A00DA5F25 /* CornerRadius.swift */,
				D37B09632DA7AF7800DA5F25 /* AuthDestination.swift */,
				D3026BBC2DA7C5C500962AE3 /* TextFieldType.swift */,
				D367430F2DA921D100C1A758 /* TweetDestination.swift */,
			);
			path = Enums;
			sourceTree = "<group>";
		};
		D37B094E2DA7953C00DA5F25 /* Resources */ = {
			isa = PBXGroup;
			children = (
				D37B09122DA78D9D00DA5F25 /* Assets.xcassets */,
				D37B09152DA78D9D00DA5F25 /* LaunchScreen.storyboard */,
			);
			path = Resources;
			sourceTree = "<group>";
		};
		D37B09502DA796C300DA5F25 /* Authentication */ = {
			isa = PBXGroup;
			children = (
				D37B09392DA790ED00DA5F25 /* LoginViewController.swift */,
				D37B09612DA7ACB700DA5F25 /* RegisterViewController.swift */,
			);
			path = Authentication;
			sourceTree = "<group>";
		};
		D37B09522DA7986400DA5F25 /* Custom */ = {
			isa = PBXGroup;
			children = (
				D37B09532DA7987600DA5F25 /* CustomTextField.swift */,
				D37B095B2DA7A11000DA5F25 /* InputContainerView.swift */,
				D367430D2DA91DFE00C1A758 /* InputTextView.swift */,
			);
			path = Custom;
			sourceTree = "<group>";
		};
		D37B09662DA7AFA200DA5F25 /* Router */ = {
			isa = PBXGroup;
			children = (
				D3BBF7E12DA95931008D0C31 /* AuthRouter.swift */,
				D34762B82DA96D650030D71E /* MainTabRouter.swift */,
				D34762BA2DA971520030D71E /* UploadTweetRouter.swift */,
			);
			path = Router;
			sourceTree = "<group>";
		};
		D3BBF7D82DA9326C008D0C31 /* RouterProtocool */ = {
			isa = PBXGroup;
			children = (
				D3BBF7D92DA93273008D0C31 /* AuthRouterProtocol.swift */,
				D3BBF7DF2DA93647008D0C31 /* MainTabBarRouterProtocol.swift */,
				D34762BC2DA971680030D71E /* UploadTweetRouterProtocol.swift */,
			);
			path = RouterProtocool;
			sourceTree = "<group>";
		};
/* End PBXGroup section */

/* Begin PBXNativeTarget section */
		D37B08F82DA78D8900DA5F25 /* A */ = {
			isa = PBXNativeTarget;
			buildConfigurationList = D37B090C2DA78D8B00DA5F25 /* Build configuration list for PBXNativeTarget "A" */;
			buildPhases = (
				4FECA00006736FFFF941B32B /* [CP] Check Pods Manifest.lock */,
				D37B08F52DA78D8900DA5F25 /* Sources */,
				D37B08F62DA78D8900DA5F25 /* Frameworks */,
				D37B08F72DA78D8900DA5F25 /* Resources */,
				835BA2D6B786BAAC6ECB0572 /* [CP] Embed Pods Frameworks */,
			);
			buildRules = (
			);
			dependencies = (
			);
			name = A;
			productName = A;
			productReference = D37B08F92DA78D8900DA5F25 /* A.app */;
			productType = "com.apple.product-type.application";
		};
/* End PBXNativeTarget section */

/* Begin PBXProject section */
		D37B08F12DA78D8900DA5F25 /* Project object */ = {
			isa = PBXProject;
			attributes = {
				BuildIndependentTargetsInParallel = 1;
				LastSwiftUpdateCheck = 1600;
				LastUpgradeCheck = 1600;
				TargetAttributes = {
					D37B08F82DA78D8900DA5F25 = {
						CreatedOnToolsVersion = 16.0;
					};
				};
			};
			buildConfigurationList = D37B08F42DA78D8900DA5F25 /* Build configuration list for PBXProject "A" */;
			developmentRegion = en;
			hasScannedForEncodings = 0;
			knownRegions = (
				en,
				Base,
			);
			mainGroup = D37B08F02DA78D8900DA5F25;
			minimizedProjectReferenceProxies = 1;
			packageReferences = (
				D37B09222DA7903200DA5F25 /* XCRemoteSwiftPackageReference "Kingfisher" */,
				D37B09252DA7903A00DA5F25 /* XCRemoteSwiftPackageReference "SnapKit" */,
				D37B092A2DA7904200DA5F25 /* XCRemoteSwiftPackageReference "Then" */,
			);
			preferredProjectObjectVersion = 77;
			productRefGroup = D37B08FA2DA78D8900DA5F25 /* Products */;
			projectDirPath = "";
			projectRoot = "";
			targets = (
				D37B08F82DA78D8900DA5F25 /* A */,
			);
		};
/* End PBXProject section */

/* Begin PBXResourcesBuildPhase section */
		D37B08F72DA78D8900DA5F25 /* Resources */ = {
			isa = PBXResourcesBuildPhase;
			buildActionMask = 2147483647;
			files = (
				D37B091B2DA78D9D00DA5F25 /* Assets.xcassets in Resources */,
				D37B091D2DA78D9D00DA5F25 /* LaunchScreen.storyboard in Resources */,
				D3026BD42DA7D0B300962AE3 /* GoogleService-Info.plist in Resources */,
			);
			runOnlyForDeploymentPostprocessing = 0;
		};
/* End PBXResourcesBuildPhase section */

/* Begin PBXShellScriptBuildPhase section */
		4FECA00006736FFFF941B32B /* [CP] Check Pods Manifest.lock */ = {
			isa = PBXShellScriptBuildPhase;
			buildActionMask = 2147483647;
			files = (
			);
			inputFileListPaths = (
			);
			inputPaths = (
				"${PODS_PODFILE_DIR_PATH}/Podfile.lock",
				"${PODS_ROOT}/Manifest.lock",
			);
			name = "[CP] Check Pods Manifest.lock";
			outputFileListPaths = (
			);
			outputPaths = (
				"$(DERIVED_FILE_DIR)/Pods-A-checkManifestLockResult.txt",
			);
			runOnlyForDeploymentPostprocessing = 0;
			shellPath = /bin/sh;
			shellScript = "diff \"${PODS_PODFILE_DIR_PATH}/Podfile.lock\" \"${PODS_ROOT}/Manifest.lock\" > /dev/null\nif [ $? != 0 ] ; then\n    # print error to STDERR\n    echo \"error: The sandbox is not in sync with the Podfile.lock. Run 'pod install' or update your CocoaPods installation.\" >&2\n    exit 1\nfi\n# This output is used by Xcode 'outputs' to avoid re-running this script phase.\necho \"SUCCESS\" > \"${SCRIPT_OUTPUT_FILE_0}\"\n";
			showEnvVarsInLog = 0;
		};
		835BA2D6B786BAAC6ECB0572 /* [CP] Embed Pods Frameworks */ = {
			isa = PBXShellScriptBuildPhase;
			buildActionMask = 2147483647;
			files = (
			);
			inputFileListPaths = (
				"${PODS_ROOT}/Target Support Files/Pods-A/Pods-A-frameworks-${CONFIGURATION}-input-files.xcfilelist",
			);
			name = "[CP] Embed Pods Frameworks";
			outputFileListPaths = (
				"${PODS_ROOT}/Target Support Files/Pods-A/Pods-A-frameworks-${CONFIGURATION}-output-files.xcfilelist",
			);
			runOnlyForDeploymentPostprocessing = 0;
			shellPath = /bin/sh;
			shellScript = "\"${PODS_ROOT}/Target Support Files/Pods-A/Pods-A-frameworks.sh\"\n";
			showEnvVarsInLog = 0;
		};
/* End PBXShellScriptBuildPhase section */

/* Begin PBXSourcesBuildPhase section */
		D37B08F52DA78D8900DA5F25 /* Sources */ = {
			isa = PBXSourcesBuildPhase;
			buildActionMask = 2147483647;
			files = (
				D37B093A2DA790ED00DA5F25 /* LoginViewController.swift in Sources */,
				D3026C102DA80D9900962AE3 /* UserViewModelProtocol.swift in Sources */,
				D311B33D2DA82E3700637377 /* TweetCell.swift in Sources */,
				D3026BE82DA7F7DC00962AE3 /* LoginUseCase.swift in Sources */,
				D3026BFA2DA806E100962AE3 /* ExplorerController.swift in Sources */,
				D3026BE42DA7EBCE00962AE3 /* AppDIContainer.swift in Sources */,
				D34762E92DA992DA0030D71E /* TweetViewModelProtocol.swift in Sources */,
				D37B091F2DA78D9D00DA5F25 /* AppDelegate.swift in Sources */,
				D34762C32DA9770C0030D71E /* TweetModelProtocol.swift in Sources */,
				D34762E72DA992CC0030D71E /* TweetViewModel.swift in Sources */,
				D37B09202DA78D9D00DA5F25 /* SceneDelegate.swift in Sources */,
				D34762C92DA979170030D71E /* TweetUseCaseProtocol.swift in Sources */,
				D3026C002DA8093300962AE3 /* UserModelProtocol.swift in Sources */,
				D3BBF7DA2DA93273008D0C31 /* AuthRouterProtocol.swift in Sources */,
				D37B09642DA7AF7800DA5F25 /* AuthDestination.swift in Sources */,
				D3026BF82DA806DA00962AE3 /* FeedController.swift in Sources */,
				D39A24362DA7BD5600BD216E /* Coordinator.swift in Sources */,
				D3026BF02DA7FC1600962AE3 /* MainTabController.swift in Sources */,
				D37B095A2DA79E7000DA5F25 /* Fonts.swift in Sources */,
				D3026BE62DA7F69B00962AE3 /* LoginViewModel.swift in Sources */,
				D34762D92DA9799C0030D71E /* AuthRepository.swift in Sources */,
				D34762DA2DA9799C0030D71E /* TweetRepository.swift in Sources */,
				D34762DB2DA9799C0030D71E /* UserRepository.swift in Sources */,
				D34762E52DA989280030D71E /* UserFactory.swift in Sources */,
				D34762BD2DA971680030D71E /* UploadTweetRouterProtocol.swift in Sources */,
				D3BBF7E22DA95931008D0C31 /* AuthRouter.swift in Sources */,
				D3026C082DA80A4000962AE3 /* UserRepositoryProtocol.swift in Sources */,
				D37B093E2DA7921300DA5F25 /* UIImage+Icons.swift in Sources */,
				D34762B92DA96D660030D71E /* MainTabRouter.swift in Sources */,
				D3026C142DA8201D00962AE3 /* LogoutUseCase.swift in Sources */,
				D3026BD82DA7D16A00962AE3 /* AuthServiceError.swift in Sources */,
				D3026BBD2DA7C5C500962AE3 /* TextFieldType.swift in Sources */,
				D37B09622DA7ACB700DA5F25 /* RegisterViewController.swift in Sources */,
				D3026BBF2DA7CCBA00962AE3 /* AuthRepositoryProtocol.swift in Sources */,
				D34762BB2DA971520030D71E /* UploadTweetRouter.swift in Sources */,
				D3026C042DA8099F00962AE3 /* MainTabViewModel.swift in Sources */,
				D37B093C2DA7916100DA5F25 /* UIView+Anchor.swift in Sources */,
				D37B09442DA7935E00DA5F25 /* VCPreview.swift in Sources */,
				D3026BCE2DA7CF1100962AE3 /* CellIdentifier.swift in Sources */,
				D367430C2DA91DC300C1A758 /* UploadTweetController.swift in Sources */,
				D3026BCF2DA7CF1100962AE3 /* FirebasePath.swift in Sources */,
				D3026BE22DA7E21900962AE3 /* SignUpUseCase.swift in Sources */,
				D311B3392DA82B7600637377 /* Mock.swift in Sources */,
				D3026BEE2DA7F90D00962AE3 /* AuthUseCaseProtocol.swift in Sources */,
				D3026C022DA8094900962AE3 /* User.swift in Sources */,
				D37B095E2DA7A79A00DA5F25 /* CornerRadius.swift in Sources */,
				D34762C72DA978E20030D71E /* UploadTweetUseCase.swift in Sources */,
				D3026C162DA8205F00962AE3 /* FeedViewModel.swift in Sources */,
				D3026BF42DA7FE2100962AE3 /* MainTabRouting.swift in Sources */,
				D37B096A2DA7B0A300DA5F25 /* AuthRouting.swift in Sources */,
				D34762DF2DA97AA20030D71E /* UploadTweetViewModel.swift in Sources */,
				D36743102DA921D100C1A758 /* TweetDestination.swift in Sources */,
				D37B09402DA7925900DA5F25 /* UIColor+AppColors.swift in Sources */,
				D3026BFC2DA806E800962AE3 /* NotificationController.swift in Sources */,
				D3026BBB2DA7C4EF00962AE3 /* RegisterViewModel.swift in Sources */,
				D37B09542DA7987600DA5F25 /* CustomTextField.swift in Sources */,
				D34762DD2DA979B30030D71E /* TweetRepositoryProtocol.swift in Sources */,
				D34762D12DA979900030D71E /* AuthService.swift in Sources */,
				D34762D22DA979900030D71E /* TweetService.swift in Sources */,
				D34762D32DA979900030D71E /* UserService.swift in Sources */,
				D3026C0A2DA80A6200962AE3 /* UserServiceError.swift in Sources */,
				D37B09582DA79CE400DA5F25 /* AttributedTextBuilder.swift in Sources */,
				D367430E2DA91DFE00C1A758 /* InputTextView.swift in Sources */,
				D34762C52DA977330030D71E /* Tweet.swift in Sources */,
				D37B09562DA7993A00DA5F25 /* NSAttributedString+Style.swift in Sources */,
				D3026C0E2DA80D7C00962AE3 /* UserViewModel.swift in Sources */,
				D37B095C2DA7A11000DA5F25 /* InputContainerView.swift in Sources */,
				D3BBF7E02DA93647008D0C31 /* MainTabBarRouterProtocol.swift in Sources */,
				D34762C12DA9769D0030D71E /* TweetServiceError.swift in Sources */,
			);
			runOnlyForDeploymentPostprocessing = 0;
		};
/* End PBXSourcesBuildPhase section */

/* Begin PBXVariantGroup section */
		D37B09152DA78D9D00DA5F25 /* LaunchScreen.storyboard */ = {
			isa = PBXVariantGroup;
			children = (
				D37B09142DA78D9D00DA5F25 /* Base */,
			);
			name = LaunchScreen.storyboard;
			sourceTree = "<group>";
		};
/* End PBXVariantGroup section */

/* Begin XCBuildConfiguration section */
		D37B090D2DA78D8B00DA5F25 /* Debug */ = {
			isa = XCBuildConfiguration;
			baseConfigurationReference = A6869C3445B4A7C26544D2EA /* Pods-A.debug.xcconfig */;
			buildSettings = {
				ASSETCATALOG_COMPILER_APPICON_NAME = AppIcon;
				ASSETCATALOG_COMPILER_GLOBAL_ACCENT_COLOR_NAME = AccentColor;
				CODE_SIGN_STYLE = Automatic;
				CURRENT_PROJECT_VERSION = 1;
				DEVELOPMENT_TEAM = XC9AZ42Q8N;
				GENERATE_INFOPLIST_FILE = YES;
				INFOPLIST_FILE = A/Info.plist;
				INFOPLIST_KEY_UIApplicationSupportsIndirectInputEvents = YES;
				INFOPLIST_KEY_UILaunchStoryboardName = LaunchScreen;
				INFOPLIST_KEY_UISupportedInterfaceOrientations_iPad = "UIInterfaceOrientationPortrait UIInterfaceOrientationPortraitUpsideDown UIInterfaceOrientationLandscapeLeft UIInterfaceOrientationLandscapeRight";
				INFOPLIST_KEY_UISupportedInterfaceOrientations_iPhone = "UIInterfaceOrientationPortrait UIInterfaceOrientationLandscapeLeft UIInterfaceOrientationLandscapeRight";
				IPHONEOS_DEPLOYMENT_TARGET = 16.6;
				LD_RUNPATH_SEARCH_PATHS = (
					"$(inherited)",
					"@executable_path/Frameworks",
				);
				MARKETING_VERSION = 1.0;
				PRODUCT_BUNDLE_IDENTIFIER = com.Dante.A;
				PRODUCT_NAME = "$(TARGET_NAME)";
				SWIFT_EMIT_LOC_STRINGS = YES;
				SWIFT_VERSION = 5.0;
				TARGETED_DEVICE_FAMILY = "1,2";
			};
			name = Debug;
		};
		D37B090E2DA78D8B00DA5F25 /* Release */ = {
			isa = XCBuildConfiguration;
			baseConfigurationReference = F6B04F4180DFDE5C40AEA9E6 /* Pods-A.release.xcconfig */;
			buildSettings = {
				ASSETCATALOG_COMPILER_APPICON_NAME = AppIcon;
				ASSETCATALOG_COMPILER_GLOBAL_ACCENT_COLOR_NAME = AccentColor;
				CODE_SIGN_STYLE = Automatic;
				CURRENT_PROJECT_VERSION = 1;
				DEVELOPMENT_TEAM = XC9AZ42Q8N;
				GENERATE_INFOPLIST_FILE = YES;
				INFOPLIST_FILE = A/Info.plist;
				INFOPLIST_KEY_UIApplicationSupportsIndirectInputEvents = YES;
				INFOPLIST_KEY_UILaunchStoryboardName = LaunchScreen;
				INFOPLIST_KEY_UISupportedInterfaceOrientations_iPad = "UIInterfaceOrientationPortrait UIInterfaceOrientationPortraitUpsideDown UIInterfaceOrientationLandscapeLeft UIInterfaceOrientationLandscapeRight";
				INFOPLIST_KEY_UISupportedInterfaceOrientations_iPhone = "UIInterfaceOrientationPortrait UIInterfaceOrientationLandscapeLeft UIInterfaceOrientationLandscapeRight";
				IPHONEOS_DEPLOYMENT_TARGET = 16.6;
				LD_RUNPATH_SEARCH_PATHS = (
					"$(inherited)",
					"@executable_path/Frameworks",
				);
				MARKETING_VERSION = 1.0;
				PRODUCT_BUNDLE_IDENTIFIER = com.Dante.A;
				PRODUCT_NAME = "$(TARGET_NAME)";
				SWIFT_EMIT_LOC_STRINGS = YES;
				SWIFT_VERSION = 5.0;
				TARGETED_DEVICE_FAMILY = "1,2";
			};
			name = Release;
		};
		D37B090F2DA78D8B00DA5F25 /* Debug */ = {
			isa = XCBuildConfiguration;
			buildSettings = {
				ALWAYS_SEARCH_USER_PATHS = NO;
				ASSETCATALOG_COMPILER_GENERATE_SWIFT_ASSET_SYMBOL_EXTENSIONS = YES;
				CLANG_ANALYZER_NONNULL = YES;
				CLANG_ANALYZER_NUMBER_OBJECT_CONVERSION = YES_AGGRESSIVE;
				CLANG_CXX_LANGUAGE_STANDARD = "gnu++20";
				CLANG_ENABLE_MODULES = YES;
				CLANG_ENABLE_OBJC_ARC = YES;
				CLANG_ENABLE_OBJC_WEAK = YES;
				CLANG_WARN_BLOCK_CAPTURE_AUTORELEASING = YES;
				CLANG_WARN_BOOL_CONVERSION = YES;
				CLANG_WARN_COMMA = YES;
				CLANG_WARN_CONSTANT_CONVERSION = YES;
				CLANG_WARN_DEPRECATED_OBJC_IMPLEMENTATIONS = YES;
				CLANG_WARN_DIRECT_OBJC_ISA_USAGE = YES_ERROR;
				CLANG_WARN_DOCUMENTATION_COMMENTS = YES;
				CLANG_WARN_EMPTY_BODY = YES;
				CLANG_WARN_ENUM_CONVERSION = YES;
				CLANG_WARN_INFINITE_RECURSION = YES;
				CLANG_WARN_INT_CONVERSION = YES;
				CLANG_WARN_NON_LITERAL_NULL_CONVERSION = YES;
				CLANG_WARN_OBJC_IMPLICIT_RETAIN_SELF = YES;
				CLANG_WARN_OBJC_LITERAL_CONVERSION = YES;
				CLANG_WARN_OBJC_ROOT_CLASS = YES_ERROR;
				CLANG_WARN_QUOTED_INCLUDE_IN_FRAMEWORK_HEADER = YES;
				CLANG_WARN_RANGE_LOOP_ANALYSIS = YES;
				CLANG_WARN_STRICT_PROTOTYPES = YES;
				CLANG_WARN_SUSPICIOUS_MOVE = YES;
				CLANG_WARN_UNGUARDED_AVAILABILITY = YES_AGGRESSIVE;
				CLANG_WARN_UNREACHABLE_CODE = YES;
				CLANG_WARN__DUPLICATE_METHOD_MATCH = YES;
				COPY_PHASE_STRIP = NO;
				DEBUG_INFORMATION_FORMAT = dwarf;
				ENABLE_STRICT_OBJC_MSGSEND = YES;
				ENABLE_TESTABILITY = YES;
				ENABLE_USER_SCRIPT_SANDBOXING = NO;
				GCC_C_LANGUAGE_STANDARD = gnu17;
				GCC_DYNAMIC_NO_PIC = NO;
				GCC_NO_COMMON_BLOCKS = YES;
				GCC_OPTIMIZATION_LEVEL = 0;
				GCC_PREPROCESSOR_DEFINITIONS = (
					"DEBUG=1",
					"$(inherited)",
				);
				GCC_WARN_64_TO_32_BIT_CONVERSION = YES;
				GCC_WARN_ABOUT_RETURN_TYPE = YES_ERROR;
				GCC_WARN_UNDECLARED_SELECTOR = YES;
				GCC_WARN_UNINITIALIZED_AUTOS = YES_AGGRESSIVE;
				GCC_WARN_UNUSED_FUNCTION = YES;
				GCC_WARN_UNUSED_VARIABLE = YES;
				IPHONEOS_DEPLOYMENT_TARGET = 18.0;
				LOCALIZATION_PREFERS_STRING_CATALOGS = YES;
				MTL_ENABLE_DEBUG_INFO = INCLUDE_SOURCE;
				MTL_FAST_MATH = YES;
				ONLY_ACTIVE_ARCH = YES;
				SDKROOT = iphoneos;
				SWIFT_ACTIVE_COMPILATION_CONDITIONS = "DEBUG $(inherited)";
				SWIFT_OPTIMIZATION_LEVEL = "-Onone";
			};
			name = Debug;
		};
		D37B09102DA78D8B00DA5F25 /* Release */ = {
			isa = XCBuildConfiguration;
			buildSettings = {
				ALWAYS_SEARCH_USER_PATHS = NO;
				ASSETCATALOG_COMPILER_GENERATE_SWIFT_ASSET_SYMBOL_EXTENSIONS = YES;
				CLANG_ANALYZER_NONNULL = YES;
				CLANG_ANALYZER_NUMBER_OBJECT_CONVERSION = YES_AGGRESSIVE;
				CLANG_CXX_LANGUAGE_STANDARD = "gnu++20";
				CLANG_ENABLE_MODULES = YES;
				CLANG_ENABLE_OBJC_ARC = YES;
				CLANG_ENABLE_OBJC_WEAK = YES;
				CLANG_WARN_BLOCK_CAPTURE_AUTORELEASING = YES;
				CLANG_WARN_BOOL_CONVERSION = YES;
				CLANG_WARN_COMMA = YES;
				CLANG_WARN_CONSTANT_CONVERSION = YES;
				CLANG_WARN_DEPRECATED_OBJC_IMPLEMENTATIONS = YES;
				CLANG_WARN_DIRECT_OBJC_ISA_USAGE = YES_ERROR;
				CLANG_WARN_DOCUMENTATION_COMMENTS = YES;
				CLANG_WARN_EMPTY_BODY = YES;
				CLANG_WARN_ENUM_CONVERSION = YES;
				CLANG_WARN_INFINITE_RECURSION = YES;
				CLANG_WARN_INT_CONVERSION = YES;
				CLANG_WARN_NON_LITERAL_NULL_CONVERSION = YES;
				CLANG_WARN_OBJC_IMPLICIT_RETAIN_SELF = YES;
				CLANG_WARN_OBJC_LITERAL_CONVERSION = YES;
				CLANG_WARN_OBJC_ROOT_CLASS = YES_ERROR;
				CLANG_WARN_QUOTED_INCLUDE_IN_FRAMEWORK_HEADER = YES;
				CLANG_WARN_RANGE_LOOP_ANALYSIS = YES;
				CLANG_WARN_STRICT_PROTOTYPES = YES;
				CLANG_WARN_SUSPICIOUS_MOVE = YES;
				CLANG_WARN_UNGUARDED_AVAILABILITY = YES_AGGRESSIVE;
				CLANG_WARN_UNREACHABLE_CODE = YES;
				CLANG_WARN__DUPLICATE_METHOD_MATCH = YES;
				COPY_PHASE_STRIP = NO;
				DEBUG_INFORMATION_FORMAT = "dwarf-with-dsym";
				ENABLE_NS_ASSERTIONS = NO;
				ENABLE_STRICT_OBJC_MSGSEND = YES;
				ENABLE_USER_SCRIPT_SANDBOXING = NO;
				GCC_C_LANGUAGE_STANDARD = gnu17;
				GCC_NO_COMMON_BLOCKS = YES;
				GCC_WARN_64_TO_32_BIT_CONVERSION = YES;
				GCC_WARN_ABOUT_RETURN_TYPE = YES_ERROR;
				GCC_WARN_UNDECLARED_SELECTOR = YES;
				GCC_WARN_UNINITIALIZED_AUTOS = YES_AGGRESSIVE;
				GCC_WARN_UNUSED_FUNCTION = YES;
				GCC_WARN_UNUSED_VARIABLE = YES;
				IPHONEOS_DEPLOYMENT_TARGET = 18.0;
				LOCALIZATION_PREFERS_STRING_CATALOGS = YES;
				MTL_ENABLE_DEBUG_INFO = NO;
				MTL_FAST_MATH = YES;
				SDKROOT = iphoneos;
				SWIFT_COMPILATION_MODE = wholemodule;
				VALIDATE_PRODUCT = YES;
			};
			name = Release;
		};
/* End XCBuildConfiguration section */

/* Begin XCConfigurationList section */
		D37B08F42DA78D8900DA5F25 /* Build configuration list for PBXProject "A" */ = {
			isa = XCConfigurationList;
			buildConfigurations = (
				D37B090F2DA78D8B00DA5F25 /* Debug */,
				D37B09102DA78D8B00DA5F25 /* Release */,
			);
			defaultConfigurationIsVisible = 0;
			defaultConfigurationName = Release;
		};
		D37B090C2DA78D8B00DA5F25 /* Build configuration list for PBXNativeTarget "A" */ = {
			isa = XCConfigurationList;
			buildConfigurations = (
				D37B090D2DA78D8B00DA5F25 /* Debug */,
				D37B090E2DA78D8B00DA5F25 /* Release */,
			);
			defaultConfigurationIsVisible = 0;
			defaultConfigurationName = Release;
		};
/* End XCConfigurationList section */

/* Begin XCRemoteSwiftPackageReference section */
		D37B09222DA7903200DA5F25 /* XCRemoteSwiftPackageReference "Kingfisher" */ = {
			isa = XCRemoteSwiftPackageReference;
			repositoryURL = "https://github.com/onevcat/Kingfisher.git";
			requirement = {
				kind = upToNextMajorVersion;
				minimumVersion = 8.3.1;
			};
		};
		D37B09252DA7903A00DA5F25 /* XCRemoteSwiftPackageReference "SnapKit" */ = {
			isa = XCRemoteSwiftPackageReference;
			repositoryURL = "https://github.com/SnapKit/SnapKit.git";
			requirement = {
				kind = upToNextMajorVersion;
				minimumVersion = 5.7.1;
			};
		};
		D37B092A2DA7904200DA5F25 /* XCRemoteSwiftPackageReference "Then" */ = {
			isa = XCRemoteSwiftPackageReference;
			repositoryURL = "https://github.com/devxoul/Then";
			requirement = {
				kind = upToNextMajorVersion;
				minimumVersion = 3.0.0;
			};
		};
/* End XCRemoteSwiftPackageReference section */

/* Begin XCSwiftPackageProductDependency section */
		D37B09232DA7903200DA5F25 /* Kingfisher */ = {
			isa = XCSwiftPackageProductDependency;
			package = D37B09222DA7903200DA5F25 /* XCRemoteSwiftPackageReference "Kingfisher" */;
			productName = Kingfisher;
		};
		D37B09262DA7903A00DA5F25 /* SnapKit */ = {
			isa = XCSwiftPackageProductDependency;
			package = D37B09252DA7903A00DA5F25 /* XCRemoteSwiftPackageReference "SnapKit" */;
			productName = SnapKit;
		};
		D37B092B2DA7904200DA5F25 /* Then */ = {
			isa = XCSwiftPackageProductDependency;
			package = D37B092A2DA7904200DA5F25 /* XCRemoteSwiftPackageReference "Then" */;
			productName = Then;
		};
/* End XCSwiftPackageProductDependency section */
	};
	rootObject = D37B08F12DA78D8900DA5F25 /* Project object */;
}
